// !$*UTF8*$!
{
	archiveVersion = 1;
	classes = {
	};
	objectVersion = 46;
	objects = {

/* Begin PBXBuildFile section */
		03FC99DF1984B656001537CF /* Foundation.framework in Frameworks */ = {isa = PBXBuildFile; fileRef = 03FC99DE1984B656001537CF /* Foundation.framework */; };
		03FC99E11984B656001537CF /* CoreGraphics.framework in Frameworks */ = {isa = PBXBuildFile; fileRef = 03FC99E01984B656001537CF /* CoreGraphics.framework */; };
		03FC99E31984B656001537CF /* UIKit.framework in Frameworks */ = {isa = PBXBuildFile; fileRef = 03FC99E21984B656001537CF /* UIKit.framework */; };
		03FC99E91984B656001537CF /* InfoPlist.strings in Resources */ = {isa = PBXBuildFile; fileRef = 03FC99E71984B656001537CF /* InfoPlist.strings */; };
		03FC99EB1984B656001537CF /* main.m in Sources */ = {isa = PBXBuildFile; fileRef = 03FC99EA1984B656001537CF /* main.m */; };
		03FC99EF1984B656001537CF /* MSAppDelegate.m in Sources */ = {isa = PBXBuildFile; fileRef = 03FC99EE1984B656001537CF /* MSAppDelegate.m */; };
		03FC99F21984B656001537CF /* Main.storyboard in Resources */ = {isa = PBXBuildFile; fileRef = 03FC99F01984B656001537CF /* Main.storyboard */; };
		03FC99F51984B656001537CF /* MSViewController.m in Sources */ = {isa = PBXBuildFile; fileRef = 03FC99F41984B656001537CF /* MSViewController.m */; };
		03FC99F71984B656001537CF /* Images.xcassets in Resources */ = {isa = PBXBuildFile; fileRef = 03FC99F61984B656001537CF /* Images.xcassets */; };
		03FC9A151984BE09001537CF /* MSIOSColorData.m in Sources */ = {isa = PBXBuildFile; fileRef = 03FC9A141984BE09001537CF /* MSIOSColorData.m */; };
		03FC9A181984BF35001537CF /* MSColor.m in Sources */ = {isa = PBXBuildFile; fileRef = 03FC9A171984BF35001537CF /* MSColor.m */; };
		09A1520357A56D5733493997 /* libPods.a in Frameworks */ = {isa = PBXBuildFile; fileRef = 45BD66A3635F68375B11BDAE /* libPods.a */; };
		4808E8C81AB3DB91000A8EEA /* Social.framework in Frameworks */ = {isa = PBXBuildFile; fileRef = 4808E8C71AB3DB91000A8EEA /* Social.framework */; };
/* End PBXBuildFile section */

/* Begin PBXFileReference section */
		03FC99DB1984B656001537CF /* iJaywalk.app */ = {isa = PBXFileReference; explicitFileType = wrapper.application; includeInIndex = 0; path = iJaywalk.app; sourceTree = BUILT_PRODUCTS_DIR; };
		03FC99DE1984B656001537CF /* Foundation.framework */ = {isa = PBXFileReference; lastKnownFileType = wrapper.framework; name = Foundation.framework; path = System/Library/Frameworks/Foundation.framework; sourceTree = SDKROOT; };
		03FC99E01984B656001537CF /* CoreGraphics.framework */ = {isa = PBXFileReference; lastKnownFileType = wrapper.framework; name = CoreGraphics.framework; path = System/Library/Frameworks/CoreGraphics.framework; sourceTree = SDKROOT; };
		03FC99E21984B656001537CF /* UIKit.framework */ = {isa = PBXFileReference; lastKnownFileType = wrapper.framework; name = UIKit.framework; path = System/Library/Frameworks/UIKit.framework; sourceTree = SDKROOT; };
		03FC99E61984B656001537CF /* Jay-Info.plist */ = {isa = PBXFileReference; lastKnownFileType = text.plist.xml; path = "Jay-Info.plist"; sourceTree = "<group>"; };
		03FC99E81984B656001537CF /* en */ = {isa = PBXFileReference; lastKnownFileType = text.plist.strings; name = en; path = en.lproj/InfoPlist.strings; sourceTree = "<group>"; };
		03FC99EA1984B656001537CF /* main.m */ = {isa = PBXFileReference; lastKnownFileType = sourcecode.c.objc; path = main.m; sourceTree = "<group>"; };
		03FC99EC1984B656001537CF /* Jay-Prefix.pch */ = {isa = PBXFileReference; lastKnownFileType = sourcecode.c.h; path = "Jay-Prefix.pch"; sourceTree = "<group>"; };
		03FC99ED1984B656001537CF /* MSAppDelegate.h */ = {isa = PBXFileReference; lastKnownFileType = sourcecode.c.h; path = MSAppDelegate.h; sourceTree = "<group>"; };
		03FC99EE1984B656001537CF /* MSAppDelegate.m */ = {isa = PBXFileReference; lastKnownFileType = sourcecode.c.objc; path = MSAppDelegate.m; sourceTree = "<group>"; };
		03FC99F11984B656001537CF /* Base */ = {isa = PBXFileReference; lastKnownFileType = file.storyboard; name = Base; path = Base.lproj/Main.storyboard; sourceTree = "<group>"; };
		03FC99F31984B656001537CF /* MSViewController.h */ = {isa = PBXFileReference; lastKnownFileType = sourcecode.c.h; path = MSViewController.h; sourceTree = "<group>"; };
		03FC99F41984B656001537CF /* MSViewController.m */ = {isa = PBXFileReference; lastKnownFileType = sourcecode.c.objc; path = MSViewController.m; sourceTree = "<group>"; };
		03FC99F61984B656001537CF /* Images.xcassets */ = {isa = PBXFileReference; lastKnownFileType = folder.assetcatalog; path = Images.xcassets; sourceTree = "<group>"; };
		03FC99FD1984B656001537CF /* XCTest.framework */ = {isa = PBXFileReference; lastKnownFileType = wrapper.framework; name = XCTest.framework; path = Library/Frameworks/XCTest.framework; sourceTree = DEVELOPER_DIR; };
		03FC9A051984B656001537CF /* JayTests-Info.plist */ = {isa = PBXFileReference; lastKnownFileType = text.plist.xml; path = "JayTests-Info.plist"; sourceTree = "<group>"; };
		03FC9A071984B656001537CF /* en */ = {isa = PBXFileReference; lastKnownFileType = text.plist.strings; name = en; path = en.lproj/InfoPlist.strings; sourceTree = "<group>"; };
		03FC9A091984B656001537CF /* JayTests.m */ = {isa = PBXFileReference; lastKnownFileType = sourcecode.c.objc; path = JayTests.m; sourceTree = "<group>"; };
		03FC9A131984BE09001537CF /* MSIOSColorData.h */ = {isa = PBXFileReference; fileEncoding = 4; lastKnownFileType = sourcecode.c.h; path = MSIOSColorData.h; sourceTree = "<group>"; };
		03FC9A141984BE09001537CF /* MSIOSColorData.m */ = {isa = PBXFileReference; fileEncoding = 4; lastKnownFileType = sourcecode.c.objc; path = MSIOSColorData.m; sourceTree = "<group>"; };
		03FC9A161984BF35001537CF /* MSColor.h */ = {isa = PBXFileReference; fileEncoding = 4; lastKnownFileType = sourcecode.c.h; path = MSColor.h; sourceTree = "<group>"; };
		03FC9A171984BF35001537CF /* MSColor.m */ = {isa = PBXFileReference; fileEncoding = 4; lastKnownFileType = sourcecode.c.objc; path = MSColor.m; sourceTree = "<group>"; };
		0E9C2AFD636847F1B5F43430 /* Pods.release.xcconfig */ = {isa = PBXFileReference; includeInIndex = 1; lastKnownFileType = text.xcconfig; name = Pods.release.xcconfig; path = "Pods/Target Support Files/Pods/Pods.release.xcconfig"; sourceTree = "<group>"; };
		45BD66A3635F68375B11BDAE /* libPods.a */ = {isa = PBXFileReference; explicitFileType = archive.ar; includeInIndex = 0; path = libPods.a; sourceTree = BUILT_PRODUCTS_DIR; };
		4808E8C71AB3DB91000A8EEA /* Social.framework */ = {isa = PBXFileReference; lastKnownFileType = wrapper.framework; name = Social.framework; path = System/Library/Frameworks/Social.framework; sourceTree = SDKROOT; };
		617A48650D13D3259A550DD8 /* Pods.debug.xcconfig */ = {isa = PBXFileReference; includeInIndex = 1; lastKnownFileType = text.xcconfig; name = Pods.debug.xcconfig; path = "Pods/Target Support Files/Pods/Pods.debug.xcconfig"; sourceTree = "<group>"; };
/* End PBXFileReference section */

/* Begin PBXFrameworksBuildPhase section */
		03FC99D81984B656001537CF /* Frameworks */ = {
			isa = PBXFrameworksBuildPhase;
			buildActionMask = 2147483647;
			files = (
				4808E8C81AB3DB91000A8EEA /* Social.framework in Frameworks */,
				03FC99E11984B656001537CF /* CoreGraphics.framework in Frameworks */,
				03FC99E31984B656001537CF /* UIKit.framework in Frameworks */,
				03FC99DF1984B656001537CF /* Foundation.framework in Frameworks */,
				09A1520357A56D5733493997 /* libPods.a in Frameworks */,
			);
			runOnlyForDeploymentPostprocessing = 0;
		};
/* End PBXFrameworksBuildPhase section */

/* Begin PBXGroup section */
		03FC99D21984B656001537CF = {
			isa = PBXGroup;
			children = (
				03FC99E41984B656001537CF /* Jay */,
				03FC9A031984B656001537CF /* JayTests */,
				03FC99DD1984B656001537CF /* Frameworks */,
				03FC99DC1984B656001537CF /* Products */,
				C8E53501E7255E1F75A89BF1 /* Pods */,
			);
			sourceTree = "<group>";
		};
		03FC99DC1984B656001537CF /* Products */ = {
			isa = PBXGroup;
			children = (
				03FC99DB1984B656001537CF /* iJaywalk.app */,
			);
			name = Products;
			sourceTree = "<group>";
		};
		03FC99DD1984B656001537CF /* Frameworks */ = {
			isa = PBXGroup;
			children = (
				4808E8C71AB3DB91000A8EEA /* Social.framework */,
				03FC99DE1984B656001537CF /* Foundation.framework */,
				03FC99E01984B656001537CF /* CoreGraphics.framework */,
				03FC99E21984B656001537CF /* UIKit.framework */,
				03FC99FD1984B656001537CF /* XCTest.framework */,
				45BD66A3635F68375B11BDAE /* libPods.a */,
			);
			name = Frameworks;
			sourceTree = "<group>";
		};
		03FC99E41984B656001537CF /* Jay */ = {
			isa = PBXGroup;
			children = (
				03FC99ED1984B656001537CF /* MSAppDelegate.h */,
				03FC99EE1984B656001537CF /* MSAppDelegate.m */,
				03FC99F01984B656001537CF /* Main.storyboard */,
				03FC99F31984B656001537CF /* MSViewController.h */,
				03FC99F41984B656001537CF /* MSViewController.m */,
				03FC99F61984B656001537CF /* Images.xcassets */,
				03FC99E51984B656001537CF /* Supporting Files */,
				03FC9A131984BE09001537CF /* MSIOSColorData.h */,
				03FC9A141984BE09001537CF /* MSIOSColorData.m */,
				03FC9A161984BF35001537CF /* MSColor.h */,
				03FC9A171984BF35001537CF /* MSColor.m */,
			);
			path = Jay;
			sourceTree = "<group>";
		};
		03FC99E51984B656001537CF /* Supporting Files */ = {
			isa = PBXGroup;
			children = (
				03FC99E61984B656001537CF /* Jay-Info.plist */,
				03FC99E71984B656001537CF /* InfoPlist.strings */,
				03FC99EA1984B656001537CF /* main.m */,
				03FC99EC1984B656001537CF /* Jay-Prefix.pch */,
			);
			name = "Supporting Files";
			sourceTree = "<group>";
		};
		03FC9A031984B656001537CF /* JayTests */ = {
			isa = PBXGroup;
			children = (
				03FC9A091984B656001537CF /* JayTests.m */,
				03FC9A041984B656001537CF /* Supporting Files */,
			);
			path = JayTests;
			sourceTree = "<group>";
		};
		03FC9A041984B656001537CF /* Supporting Files */ = {
			isa = PBXGroup;
			children = (
				03FC9A051984B656001537CF /* JayTests-Info.plist */,
				03FC9A061984B656001537CF /* InfoPlist.strings */,
			);
			name = "Supporting Files";
			sourceTree = "<group>";
		};
		C8E53501E7255E1F75A89BF1 /* Pods */ = {
			isa = PBXGroup;
			children = (
				617A48650D13D3259A550DD8 /* Pods.debug.xcconfig */,
				0E9C2AFD636847F1B5F43430 /* Pods.release.xcconfig */,
			);
			name = Pods;
			sourceTree = "<group>";
		};
/* End PBXGroup section */

/* Begin PBXNativeTarget section */
		03FC99DA1984B656001537CF /* Jay */ = {
			isa = PBXNativeTarget;
			buildConfigurationList = 03FC9A0D1984B656001537CF /* Build configuration list for PBXNativeTarget "Jay" */;
			buildPhases = (
				87CADA00BDF5CA6AEC139E01 /* Check Pods Manifest.lock */,
				03FC99D71984B656001537CF /* Sources */,
				03FC99D81984B656001537CF /* Frameworks */,
				03FC99D91984B656001537CF /* Resources */,
				6D2C74E1D2B46E375A2309B7 /* Copy Pods Resources */,
			);
			buildRules = (
			);
			dependencies = (
			);
			name = Jay;
			productName = Jay;
			productReference = 03FC99DB1984B656001537CF /* iJaywalk.app */;
			productType = "com.apple.product-type.application";
		};
/* End PBXNativeTarget section */

/* Begin PBXProject section */
		03FC99D31984B656001537CF /* Project object */ = {
			isa = PBXProject;
			attributes = {
				CLASSPREFIX = MS;
				LastUpgradeCheck = 0730;
				ORGANIZATIONNAME = "Joshua Bell";
				TargetAttributes = {
					03FC99DA1984B656001537CF = {
						DevelopmentTeam = 99W56MYH4P;
					};
				};
			};
			buildConfigurationList = 03FC99D61984B656001537CF /* Build configuration list for PBXProject "Jay" */;
			compatibilityVersion = "Xcode 3.2";
			developmentRegion = English;
			hasScannedForEncodings = 0;
			knownRegions = (
				en,
				Base,
			);
			mainGroup = 03FC99D21984B656001537CF;
			productRefGroup = 03FC99DC1984B656001537CF /* Products */;
			projectDirPath = "";
			projectRoot = "";
			targets = (
				03FC99DA1984B656001537CF /* Jay */,
			);
		};
/* End PBXProject section */

/* Begin PBXResourcesBuildPhase section */
		03FC99D91984B656001537CF /* Resources */ = {
			isa = PBXResourcesBuildPhase;
			buildActionMask = 2147483647;
			files = (
				03FC99F71984B656001537CF /* Images.xcassets in Resources */,
				03FC99E91984B656001537CF /* InfoPlist.strings in Resources */,
				03FC99F21984B656001537CF /* Main.storyboard in Resources */,
			);
			runOnlyForDeploymentPostprocessing = 0;
		};
/* End PBXResourcesBuildPhase section */

/* Begin PBXShellScriptBuildPhase section */
		6D2C74E1D2B46E375A2309B7 /* Copy Pods Resources */ = {
			isa = PBXShellScriptBuildPhase;
			buildActionMask = 2147483647;
			files = (
			);
			inputPaths = (
			);
			name = "Copy Pods Resources";
			outputPaths = (
			);
			runOnlyForDeploymentPostprocessing = 0;
			shellPath = /bin/sh;
			shellScript = "\"${SRCROOT}/Pods/Target Support Files/Pods/Pods-resources.sh\"\n";
			showEnvVarsInLog = 0;
		};
		87CADA00BDF5CA6AEC139E01 /* Check Pods Manifest.lock */ = {
			isa = PBXShellScriptBuildPhase;
			buildActionMask = 2147483647;
			files = (
			);
			inputPaths = (
			);
			name = "Check Pods Manifest.lock";
			outputPaths = (
			);
			runOnlyForDeploymentPostprocessing = 0;
			shellPath = /bin/sh;
			shellScript = "diff \"${PODS_ROOT}/../Podfile.lock\" \"${PODS_ROOT}/Manifest.lock\" > /dev/null\nif [[ $? != 0 ]] ; then\n    cat << EOM\nerror: The sandbox is not in sync with the Podfile.lock. Run 'pod install' or update your CocoaPods installation.\nEOM\n    exit 1\nfi\n";
			showEnvVarsInLog = 0;
		};
/* End PBXShellScriptBuildPhase section */

/* Begin PBXSourcesBuildPhase section */
		03FC99D71984B656001537CF /* Sources */ = {
			isa = PBXSourcesBuildPhase;
			buildActionMask = 2147483647;
			files = (
				03FC99EF1984B656001537CF /* MSAppDelegate.m in Sources */,
				03FC99F51984B656001537CF /* MSViewController.m in Sources */,
				03FC99EB1984B656001537CF /* main.m in Sources */,
				03FC9A181984BF35001537CF /* MSColor.m in Sources */,
				03FC9A151984BE09001537CF /* MSIOSColorData.m in Sources */,
			);
			runOnlyForDeploymentPostprocessing = 0;
		};
/* End PBXSourcesBuildPhase section */

/* Begin PBXVariantGroup section */
		03FC99E71984B656001537CF /* InfoPlist.strings */ = {
			isa = PBXVariantGroup;
			children = (
				03FC99E81984B656001537CF /* en */,
			);
			name = InfoPlist.strings;
			sourceTree = "<group>";
		};
		03FC99F01984B656001537CF /* Main.storyboard */ = {
			isa = PBXVariantGroup;
			children = (
				03FC99F11984B656001537CF /* Base */,
			);
			name = Main.storyboard;
			sourceTree = "<group>";
		};
		03FC9A061984B656001537CF /* InfoPlist.strings */ = {
			isa = PBXVariantGroup;
			children = (
				03FC9A071984B656001537CF /* en */,
			);
			name = InfoPlist.strings;
			sourceTree = "<group>";
		};
/* End PBXVariantGroup section */

/* Begin XCBuildConfiguration section */
		03FC9A0B1984B656001537CF /* Debug */ = {
			isa = XCBuildConfiguration;
			buildSettings = {
				ALWAYS_SEARCH_USER_PATHS = NO;
				CLANG_CXX_LANGUAGE_STANDARD = "gnu++0x";
				CLANG_CXX_LIBRARY = "libc++";
				CLANG_ENABLE_MODULES = YES;
				CLANG_ENABLE_OBJC_ARC = YES;
				CLANG_WARN_BOOL_CONVERSION = YES;
				CLANG_WARN_CONSTANT_CONVERSION = YES;
				CLANG_WARN_DIRECT_OBJC_ISA_USAGE = YES_ERROR;
				CLANG_WARN_EMPTY_BODY = YES;
				CLANG_WARN_ENUM_CONVERSION = YES;
				CLANG_WARN_INT_CONVERSION = YES;
				CLANG_WARN_OBJC_ROOT_CLASS = YES_ERROR;
				CLANG_WARN__DUPLICATE_METHOD_MATCH = YES;
				"CODE_SIGN_IDENTITY[sdk=iphoneos*]" = "iPhone Developer";
				COPY_PHASE_STRIP = NO;
				ENABLE_TESTABILITY = YES;
				GCC_C_LANGUAGE_STANDARD = gnu99;
				GCC_DYNAMIC_NO_PIC = NO;
				GCC_OPTIMIZATION_LEVEL = 0;
				GCC_PREPROCESSOR_DEFINITIONS = (
					"DEBUG=1",
					"$(inherited)",
				);
				GCC_SYMBOLS_PRIVATE_EXTERN = NO;
				GCC_WARN_64_TO_32_BIT_CONVERSION = YES;
				GCC_WARN_ABOUT_RETURN_TYPE = YES_ERROR;
				GCC_WARN_UNDECLARED_SELECTOR = YES;
				GCC_WARN_UNINITIALIZED_AUTOS = YES_AGGRESSIVE;
				GCC_WARN_UNUSED_FUNCTION = YES;
				GCC_WARN_UNUSED_VARIABLE = YES;
				IPHONEOS_DEPLOYMENT_TARGET = 7.1;
				ONLY_ACTIVE_ARCH = YES;
				SDKROOT = iphoneos;
			};
			name = Debug;
		};
		03FC9A0C1984B656001537CF /* Release */ = {
			isa = XCBuildConfiguration;
			buildSettings = {
				ALWAYS_SEARCH_USER_PATHS = NO;
				CLANG_CXX_LANGUAGE_STANDARD = "gnu++0x";
				CLANG_CXX_LIBRARY = "libc++";
				CLANG_ENABLE_MODULES = YES;
				CLANG_ENABLE_OBJC_ARC = YES;
				CLANG_WARN_BOOL_CONVERSION = YES;
				CLANG_WARN_CONSTANT_CONVERSION = YES;
				CLANG_WARN_DIRECT_OBJC_ISA_USAGE = YES_ERROR;
				CLANG_WARN_EMPTY_BODY = YES;
				CLANG_WARN_ENUM_CONVERSION = YES;
				CLANG_WARN_INT_CONVERSION = YES;
				CLANG_WARN_OBJC_ROOT_CLASS = YES_ERROR;
				CLANG_WARN__DUPLICATE_METHOD_MATCH = YES;
				"CODE_SIGN_IDENTITY[sdk=iphoneos*]" = "iPhone Developer";
				COPY_PHASE_STRIP = YES;
				ENABLE_NS_ASSERTIONS = NO;
				GCC_C_LANGUAGE_STANDARD = gnu99;
				GCC_WARN_64_TO_32_BIT_CONVERSION = YES;
				GCC_WARN_ABOUT_RETURN_TYPE = YES_ERROR;
				GCC_WARN_UNDECLARED_SELECTOR = YES;
				GCC_WARN_UNINITIALIZED_AUTOS = YES_AGGRESSIVE;
				GCC_WARN_UNUSED_FUNCTION = YES;
				GCC_WARN_UNUSED_VARIABLE = YES;
				IPHONEOS_DEPLOYMENT_TARGET = 7.1;
				SDKROOT = iphoneos;
				VALIDATE_PRODUCT = YES;
			};
			name = Release;
		};
		03FC9A0E1984B656001537CF /* Debug */ = {
			isa = XCBuildConfiguration;
			baseConfigurationReference = 617A48650D13D3259A550DD8 /* Pods.debug.xcconfig */;
			buildSettings = {
				ASSETCATALOG_COMPILER_APPICON_NAME = AppIcon;
				ASSETCATALOG_COMPILER_LAUNCHIMAGE_NAME = LaunchImage;
				CODE_SIGN_IDENTITY = "iPhone Developer";
				"CODE_SIGN_IDENTITY[sdk=iphoneos*]" = "iPhone Developer";
				GCC_PRECOMPILE_PREFIX_HEADER = YES;
				GCC_PREFIX_HEADER = "Jay/Jay-Prefix.pch";
				INFOPLIST_FILE = "Jay/Jay-Info.plist";
				IPHONEOS_DEPLOYMENT_TARGET = 7.1;
				PRODUCT_BUNDLE_IDENTIFIER = "com.joshuabell.${PRODUCT_NAME:rfc1034identifier}";
				PRODUCT_NAME = iJaywalk;
				PROVISIONING_PROFILE = "";
				TARGETED_DEVICE_FAMILY = "1,2";
				WRAPPER_EXTENSION = app;
			};
			name = Debug;
		};
		03FC9A0F1984B656001537CF /* Release */ = {
			isa = XCBuildConfiguration;
			baseConfigurationReference = 0E9C2AFD636847F1B5F43430 /* Pods.release.xcconfig */;
			buildSettings = {
				ASSETCATALOG_COMPILER_APPICON_NAME = AppIcon;
				ASSETCATALOG_COMPILER_LAUNCHIMAGE_NAME = LaunchImage;
				CODE_SIGN_IDENTITY = "iPhone Developer";
				"CODE_SIGN_IDENTITY[sdk=iphoneos*]" = "iPhone Developer";
				GCC_PRECOMPILE_PREFIX_HEADER = YES;
				GCC_PREFIX_HEADER = "Jay/Jay-Prefix.pch";
				INFOPLIST_FILE = "Jay/Jay-Info.plist";
				IPHONEOS_DEPLOYMENT_TARGET = 7.1;
				PRODUCT_BUNDLE_IDENTIFIER = "com.joshuabell.${PRODUCT_NAME:rfc1034identifier}";
				PRODUCT_NAME = iJaywalk;
				PROVISIONING_PROFILE = "";
				TARGETED_DEVICE_FAMILY = "1,2";
				WRAPPER_EXTENSION = app;
			};
			name = Release;
		};
/* End XCBuildConfiguration section */

/* Begin XCConfigurationList section */
		03FC99D61984B656001537CF /* Build configuration list for PBXProject "Jay" */ = {
			isa = XCConfigurationList;
			buildConfigurations = (
				03FC9A0B1984B656001537CF /* Debug */,
				03FC9A0C1984B656001537CF /* Release */,
			);
			defaultConfigurationIsVisible = 0;
			defaultConfigurationName = Release;
		};
		03FC9A0D1984B656001537CF /* Build configuration list for PBXNativeTarget "Jay" */ = {
			isa = XCConfigurationList;
			buildConfigurations = (
				03FC9A0E1984B656001537CF /* Debug */,
				03FC9A0F1984B656001537CF /* Release */,
			);
			defaultConfigurationIsVisible = 0;
			defaultConfigurationName = Release;
		};
/* End XCConfigurationList section */
	};
	rootObject = 03FC99D31984B656001537CF /* Project object */;
}
